
Microsoft Visual Studio Solution File, Format Version 12.00
Project("{FAE04EC0-301F-11D3-BF4B-00C04F79EFBC}") = "EmailSender.WebApi", "EmailSender.WebApi\EmailSender.WebApi.csproj", "{3891C8E1-909A-4D60-874B-1A149D8A3605}"
EndProject
Project("{2150E333-8FDC-42A3-9474-1A3956D46DE8}") = "WebApi", "WebApi", "{C2719A80-86A0-4E87-A498-3EEDD5C9179E}"
EndProject
Project("{2150E333-8FDC-42A3-9474-1A3956D46DE8}") = "Backend", "Backend", "{9D9222F5-D3A7-4B54-8315-2C082E86E113}"
EndProject
Project("{FAE04EC0-301F-11D3-BF4B-00C04F79EFBC}") = "EmailSender.Backend.Domain", "EmailSender.Backend\EmailSender.Backend.Domain\EmailSender.Backend.Domain.csproj", "{77E91901-D956-4B29-AFAA-FED0CC86832A}"
EndProject
Project("{FAE04EC0-301F-11D3-BF4B-00C04F79EFBC}") = "EmailSender.Backend.Database", "EmailSender.Backend\EmailSender.Backend.Database\EmailSender.Backend.Database.csproj", "{5E005153-349C-4653-B1F6-D6EBEFEFFB3A}"
EndProject
Project("{FAE04EC0-301F-11D3-BF4B-00C04F79EFBC}") = "EmailSender.WebApi.Tests", "EmailSender.WebApi.Tests\EmailSender.WebApi.Tests.csproj", "{4AABF118-F0EF-4490-83D7-F91E7959D5A1}"
EndProject
Project("{FAE04EC0-301F-11D3-BF4B-00C04F79EFBC}") = "EmailSender.Backend.Shared", "EmailSender.Backend\EmailSender.Backend.Shared\EmailSender.Backend.Shared.csproj", "{386D3DFC-AC2F-4233-BBEB-9C095D74C36E}"
EndProject
Project("{FAE04EC0-301F-11D3-BF4B-00C04F79EFBC}") = "EmailSender.Backend.SmtpService", "EmailSender.Backend\EmailSender.Backend.SmtpService\EmailSender.Backend.SmtpService.csproj", "{621EB5FD-E5FF-41E4-97EF-29C51B973008}"
EndProject
Project("{FAE04EC0-301F-11D3-BF4B-00C04F79EFBC}") = "EmailSender.Backend.EmailService", "EmailSender.Backend\EmailSender.Backend.EmailService\EmailSender.Backend.EmailService.csproj", "{1165BB1A-A8D1-481B-B0E4-CDC202D66A70}"
EndProject
Project("{FAE04EC0-301F-11D3-BF4B-00C04F79EFBC}") = "EmailSender.Backend.Tests", "EmailSender.Backend.Tests\EmailSender.Backend.Tests.csproj", "{3A61A5DC-4906-44C5-BDEC-42D79A1CF0C6}"
EndProject
Project("{FAE04EC0-301F-11D3-BF4B-00C04F79EFBC}") = "EmailSender.Backend.BillingService", "EmailSender.Backend\EmailSender.Backend.BillingService\EmailSender.Backend.BillingService.csproj", "{53CDE505-B896-448A-9FB8-96DB95ACB6D0}"
EndProject
Project("{FAE04EC0-301F-11D3-BF4B-00C04F79EFBC}") = "EmailSender.Backend.UserService", "EmailSender.Backend\EmailSender.Backend.UserService\EmailSender.Backend.UserService.csproj", "{4B8C12A8-A5A3-4E39-AEF7-D4931E89FF65}"
EndProject
Project("{FAE04EC0-301F-11D3-BF4B-00C04F79EFBC}") = "EmailSender.Backend.SenderService", "EmailSender.Backend\EmailSender.Backend.SenderService\EmailSender.Backend.SenderService.csproj", "{B202F77B-350C-4B2B-B4C5-231C01EBC262}"
EndProject
Project("{FAE04EC0-301F-11D3-BF4B-00C04F79EFBC}") = "EmailSender.Backend.VatService", "EmailSender.Backend\EmailSender.Backend.VatService\EmailSender.Backend.VatService.csproj", "{7A73415F-9CE2-46F7-AAEF-B5EAACD271E5}"
EndProject
Project("{2150E333-8FDC-42A3-9474-1A3956D46DE8}") = "Services", "Services", "{21288831-4321-4486-94E9-F845B0686DEA}"
EndProject
Project("{2150E333-8FDC-42A3-9474-1A3956D46DE8}") = "Tests", "Tests", "{629420EA-3D08-4245-A66C-BC1F5988F448}"
EndProject
Global
	GlobalSection(SolutionConfigurationPlatforms) = preSolution
		Debug|Any CPU = Debug|Any CPU
		Release|Any CPU = Release|Any CPU
	EndGlobalSection
	GlobalSection(ProjectConfigurationPlatforms) = postSolution
		{3891C8E1-909A-4D60-874B-1A149D8A3605}.Debug|Any CPU.ActiveCfg = Debug|Any CPU
		{3891C8E1-909A-4D60-874B-1A149D8A3605}.Debug|Any CPU.Build.0 = Debug|Any CPU
		{3891C8E1-909A-4D60-874B-1A149D8A3605}.Release|Any CPU.ActiveCfg = Release|Any CPU
		{3891C8E1-909A-4D60-874B-1A149D8A3605}.Release|Any CPU.Build.0 = Release|Any CPU
		{77E91901-D956-4B29-AFAA-FED0CC86832A}.Debug|Any CPU.ActiveCfg = Debug|Any CPU
		{77E91901-D956-4B29-AFAA-FED0CC86832A}.Debug|Any CPU.Build.0 = Debug|Any CPU
		{77E91901-D956-4B29-AFAA-FED0CC86832A}.Release|Any CPU.ActiveCfg = Release|Any CPU
		{77E91901-D956-4B29-AFAA-FED0CC86832A}.Release|Any CPU.Build.0 = Release|Any CPU
		{5E005153-349C-4653-B1F6-D6EBEFEFFB3A}.Debug|Any CPU.ActiveCfg = Debug|Any CPU
		{5E005153-349C-4653-B1F6-D6EBEFEFFB3A}.Debug|Any CPU.Build.0 = Debug|Any CPU
		{5E005153-349C-4653-B1F6-D6EBEFEFFB3A}.Release|Any CPU.ActiveCfg = Release|Any CPU
		{5E005153-349C-4653-B1F6-D6EBEFEFFB3A}.Release|Any CPU.Build.0 = Release|Any CPU
		{4AABF118-F0EF-4490-83D7-F91E7959D5A1}.Debug|Any CPU.ActiveCfg = Debug|Any CPU
		{4AABF118-F0EF-4490-83D7-F91E7959D5A1}.Debug|Any CPU.Build.0 = Debug|Any CPU
		{4AABF118-F0EF-4490-83D7-F91E7959D5A1}.Release|Any CPU.ActiveCfg = Release|Any CPU
		{4AABF118-F0EF-4490-83D7-F91E7959D5A1}.Release|Any CPU.Build.0 = Release|Any CPU
		{386D3DFC-AC2F-4233-BBEB-9C095D74C36E}.Debug|Any CPU.ActiveCfg = Debug|Any CPU
		{386D3DFC-AC2F-4233-BBEB-9C095D74C36E}.Debug|Any CPU.Build.0 = Debug|Any CPU
		{386D3DFC-AC2F-4233-BBEB-9C095D74C36E}.Release|Any CPU.ActiveCfg = Release|Any CPU
		{386D3DFC-AC2F-4233-BBEB-9C095D74C36E}.Release|Any CPU.Build.0 = Release|Any CPU
		{621EB5FD-E5FF-41E4-97EF-29C51B973008}.Debug|Any CPU.ActiveCfg = Debug|Any CPU
		{621EB5FD-E5FF-41E4-97EF-29C51B973008}.Debug|Any CPU.Build.0 = Debug|Any CPU
		{621EB5FD-E5FF-41E4-97EF-29C51B973008}.Release|Any CPU.ActiveCfg = Release|Any CPU
		{621EB5FD-E5FF-41E4-97EF-29C51B973008}.Release|Any CPU.Build.0 = Release|Any CPU
		{1165BB1A-A8D1-481B-B0E4-CDC202D66A70}.Debug|Any CPU.ActiveCfg = Debug|Any CPU
		{1165BB1A-A8D1-481B-B0E4-CDC202D66A70}.Debug|Any CPU.Build.0 = Debug|Any CPU
		{1165BB1A-A8D1-481B-B0E4-CDC202D66A70}.Release|Any CPU.ActiveCfg = Release|Any CPU
		{1165BB1A-A8D1-481B-B0E4-CDC202D66A70}.Release|Any CPU.Build.0 = Release|Any CPU
		{3A61A5DC-4906-44C5-BDEC-42D79A1CF0C6}.Debug|Any CPU.ActiveCfg = Debug|Any CPU
		{3A61A5DC-4906-44C5-BDEC-42D79A1CF0C6}.Debug|Any CPU.Build.0 = Debug|Any CPU
		{3A61A5DC-4906-44C5-BDEC-42D79A1CF0C6}.Release|Any CPU.ActiveCfg = Release|Any CPU
		{3A61A5DC-4906-44C5-BDEC-42D79A1CF0C6}.Release|Any CPU.Build.0 = Release|Any CPU
		{53CDE505-B896-448A-9FB8-96DB95ACB6D0}.Debug|Any CPU.ActiveCfg = Debug|Any CPU
		{53CDE505-B896-448A-9FB8-96DB95ACB6D0}.Debug|Any CPU.Build.0 = Debug|Any CPU
		{53CDE505-B896-448A-9FB8-96DB95ACB6D0}.Release|Any CPU.ActiveCfg = Release|Any CPU
		{53CDE505-B896-448A-9FB8-96DB95ACB6D0}.Release|Any CPU.Build.0 = Release|Any CPU
		{4B8C12A8-A5A3-4E39-AEF7-D4931E89FF65}.Debug|Any CPU.ActiveCfg = Debug|Any CPU
		{4B8C12A8-A5A3-4E39-AEF7-D4931E89FF65}.Debug|Any CPU.Build.0 = Debug|Any CPU
		{4B8C12A8-A5A3-4E39-AEF7-D4931E89FF65}.Release|Any CPU.ActiveCfg = Release|Any CPU
		{4B8C12A8-A5A3-4E39-AEF7-D4931E89FF65}.Release|Any CPU.Build.0 = Release|Any CPU
		{B202F77B-350C-4B2B-B4C5-231C01EBC262}.Debug|Any CPU.ActiveCfg = Debug|Any CPU
		{B202F77B-350C-4B2B-B4C5-231C01EBC262}.Debug|Any CPU.Build.0 = Debug|Any CPU
		{B202F77B-350C-4B2B-B4C5-231C01EBC262}.Release|Any CPU.ActiveCfg = Release|Any CPU
		{B202F77B-350C-4B2B-B4C5-231C01EBC262}.Release|Any CPU.Build.0 = Release|Any CPU
		{7A73415F-9CE2-46F7-AAEF-B5EAACD271E5}.Debug|Any CPU.ActiveCfg = Debug|Any CPU
		{7A73415F-9CE2-46F7-AAEF-B5EAACD271E5}.Debug|Any CPU.Build.0 = Debug|Any CPU
		{7A73415F-9CE2-46F7-AAEF-B5EAACD271E5}.Release|Any CPU.ActiveCfg = Release|Any CPU
		{7A73415F-9CE2-46F7-AAEF-B5EAACD271E5}.Release|Any CPU.Build.0 = Release|Any CPU
	EndGlobalSection
	GlobalSection(NestedProjects) = preSolution
		{3891C8E1-909A-4D60-874B-1A149D8A3605} = {C2719A80-86A0-4E87-A498-3EEDD5C9179E}
		{77E91901-D956-4B29-AFAA-FED0CC86832A} = {9D9222F5-D3A7-4B54-8315-2C082E86E113}
		{5E005153-349C-4653-B1F6-D6EBEFEFFB3A} = {9D9222F5-D3A7-4B54-8315-2C082E86E113}
		{386D3DFC-AC2F-4233-BBEB-9C095D74C36E} = {9D9222F5-D3A7-4B54-8315-2C082E86E113}
		{53CDE505-B896-448A-9FB8-96DB95ACB6D0} = {21288831-4321-4486-94E9-F845B0686DEA}
		{1165BB1A-A8D1-481B-B0E4-CDC202D66A70} = {21288831-4321-4486-94E9-F845B0686DEA}
		{B202F77B-350C-4B2B-B4C5-231C01EBC262} = {21288831-4321-4486-94E9-F845B0686DEA}
		{621EB5FD-E5FF-41E4-97EF-29C51B973008} = {21288831-4321-4486-94E9-F845B0686DEA}
		{4B8C12A8-A5A3-4E39-AEF7-D4931E89FF65} = {21288831-4321-4486-94E9-F845B0686DEA}
		{7A73415F-9CE2-46F7-AAEF-B5EAACD271E5} = {21288831-4321-4486-94E9-F845B0686DEA}
		{4AABF118-F0EF-4490-83D7-F91E7959D5A1} = {629420EA-3D08-4245-A66C-BC1F5988F448}
		{3A61A5DC-4906-44C5-BDEC-42D79A1CF0C6} = {629420EA-3D08-4245-A66C-BC1F5988F448}
	EndGlobalSection
EndGlobal
